
Microsoft Visual Studio Solution File, Format Version 12.00
# Visual Studio Version 16
VisualStudioVersion = 16.0.29209.62
MinimumVisualStudioVersion = 10.0.40219.1
Project("{FAE04EC0-301F-11D3-BF4B-00C04F79EFBC}") = "HoleLevel", "HoleLevel.csproj", "{75702BB7-5234-42AC-94D9-9D85EBEF44C2}"
EndProject
Global
	GlobalSection(SolutionConfigurationPlatforms) = preSolution
		Debug|Any CPU = Debug|Any CPU
		Release|Any CPU = Release|Any CPU
	EndGlobalSection
	GlobalSection(ProjectConfigurationPlatforms) = postSolution
		{75702BB7-5234-42AC-94D9-9D85EBEF44C2}.Debug|Any CPU.ActiveCfg = Debug|Any CPU
		{75702BB7-5234-42AC-94D9-9D85EBEF44C2}.Debug|Any CPU.Build.0 = Debug|Any CPU
		{75702BB7-5234-42AC-94D9-9D85EBEF44C2}.Release|Any CPU.ActiveCfg = Release|Any CPU
		{75702BB7-5234-42AC-94D9-9D85EBEF44C2}.Release|Any CPU.Build.0 = Release|Any CPU
	EndGlobalSection
	GlobalSection(SolutionProperties) = preSolution
		HideSolutionNode = FALSE
	EndGlobalSection
	GlobalSection(ExtensibilityGlobals) = postSolution
		SolutionGuid = {7B7C9014-00A1-4B6E-B5B3-57545C085AFD}
	EndGlobalSection
EndGlobal
